
Microsoft Visual Studio Solution File, Format Version 12.00
# Visual Studio Version 17
VisualStudioVersion = 17.2.32616.157
MinimumVisualStudioVersion = 10.0.40219.1
Project("{9A19103F-16F7-4668-BE54-9A1E7A4F7556}") = "MISA_Demo", "MISA_Demo\MISA_Demo.csproj", "{5B29BD09-9838-45A0-BDDE-13B9252D20AA}"
EndProject
Project("{FAE04EC0-301F-11D3-BF4B-00C04F79EFBC}") = "MISA.Edu06.Core", "MISA.Edu06.Core\MISA.Edu06.Core.csproj", "{234FE06F-372C-4EFF-A3C5-F98102EEEA7E}"
EndProject
Project("{FAE04EC0-301F-11D3-BF4B-00C04F79EFBC}") = "MISA.Edu06.Infrastructure", "MISA.Edu06.Infrastructure\MISA.Edu06.Infrastructure.csproj", "{6C97AB79-2A36-43AD-B2B8-2CE8FE11EDAA}"
EndProject
Project("{FAE04EC0-301F-11D3-BF4B-00C04F79EFBC}") = "MISA.Edu06.Api", "MISA.Edu06.Api\MISA.Edu06.Api.csproj", "{445AD14D-8D7E-468A-8FF5-578729F8D2B3}"
EndProject
Global
	GlobalSection(SolutionConfigurationPlatforms) = preSolution
		Debug|Any CPU = Debug|Any CPU
		Release|Any CPU = Release|Any CPU
	EndGlobalSection
	GlobalSection(ProjectConfigurationPlatforms) = postSolution
		{5B29BD09-9838-45A0-BDDE-13B9252D20AA}.Debug|Any CPU.ActiveCfg = Debug|Any CPU
		{5B29BD09-9838-45A0-BDDE-13B9252D20AA}.Debug|Any CPU.Build.0 = Debug|Any CPU
		{5B29BD09-9838-45A0-BDDE-13B9252D20AA}.Release|Any CPU.ActiveCfg = Release|Any CPU
		{5B29BD09-9838-45A0-BDDE-13B9252D20AA}.Release|Any CPU.Build.0 = Release|Any CPU
		{234FE06F-372C-4EFF-A3C5-F98102EEEA7E}.Debug|Any CPU.ActiveCfg = Debug|Any CPU
		{234FE06F-372C-4EFF-A3C5-F98102EEEA7E}.Debug|Any CPU.Build.0 = Debug|Any CPU
		{234FE06F-372C-4EFF-A3C5-F98102EEEA7E}.Release|Any CPU.ActiveCfg = Release|Any CPU
		{234FE06F-372C-4EFF-A3C5-F98102EEEA7E}.Release|Any CPU.Build.0 = Release|Any CPU
		{6C97AB79-2A36-43AD-B2B8-2CE8FE11EDAA}.Debug|Any CPU.ActiveCfg = Debug|Any CPU
		{6C97AB79-2A36-43AD-B2B8-2CE8FE11EDAA}.Debug|Any CPU.Build.0 = Debug|Any CPU
		{6C97AB79-2A36-43AD-B2B8-2CE8FE11EDAA}.Release|Any CPU.ActiveCfg = Release|Any CPU
		{6C97AB79-2A36-43AD-B2B8-2CE8FE11EDAA}.Release|Any CPU.Build.0 = Release|Any CPU
		{445AD14D-8D7E-468A-8FF5-578729F8D2B3}.Debug|Any CPU.ActiveCfg = Debug|Any CPU
		{445AD14D-8D7E-468A-8FF5-578729F8D2B3}.Debug|Any CPU.Build.0 = Debug|Any CPU
		{445AD14D-8D7E-468A-8FF5-578729F8D2B3}.Release|Any CPU.ActiveCfg = Release|Any CPU
		{445AD14D-8D7E-468A-8FF5-578729F8D2B3}.Release|Any CPU.Build.0 = Release|Any CPU
	EndGlobalSection
	GlobalSection(SolutionProperties) = preSolution
		HideSolutionNode = FALSE
	EndGlobalSection
	GlobalSection(ExtensibilityGlobals) = postSolution
		SolutionGuid = {75FF2483-274B-4794-A983-7ADA794C8413}
	EndGlobalSection
EndGlobal
